
Microsoft Visual Studio Solution File, Format Version 12.00
# Visual Studio Version 17
VisualStudioVersion = 17.8.34330.188
MinimumVisualStudioVersion = 10.0.40219.1
Project("{9A19103F-16F7-4668-BE54-9A1E7A4F7556}") = "PiGSFServer", "PiGSFServer.csproj", "{5016D1B4-4587-4E11-BC70-B71DC404356B}"
EndProject
Project("{9A19103F-16F7-4668-BE54-9A1E7A4F7556}") = "Terminal.Gui", "..\Terminal.Gui\Terminal.Gui\Terminal.Gui.csproj", "{43BF500A-838C-48A5-B926-68FBCB5E8BF8}"
EndProject
Global
	GlobalSection(SolutionConfigurationPlatforms) = preSolution
		Debug|Any CPU = Debug|Any CPU
		Release|Any CPU = Release|Any CPU
	EndGlobalSection
	GlobalSection(ProjectConfigurationPlatforms) = postSolution
		{5016D1B4-4587-4E11-BC70-B71DC404356B}.Debug|Any CPU.ActiveCfg = Debug|Any CPU
		{5016D1B4-4587-4E11-BC70-B71DC404356B}.Debug|Any CPU.Build.0 = Debug|Any CPU
		{5016D1B4-4587-4E11-BC70-B71DC404356B}.Release|Any CPU.ActiveCfg = Release|Any CPU
		{5016D1B4-4587-4E11-BC70-B71DC404356B}.Release|Any CPU.Build.0 = Release|Any CPU
		{43BF500A-838C-48A5-B926-68FBCB5E8BF8}.Debug|Any CPU.ActiveCfg = Debug|Any CPU
		{43BF500A-838C-48A5-B926-68FBCB5E8BF8}.Debug|Any CPU.Build.0 = Debug|Any CPU
		{43BF500A-838C-48A5-B926-68FBCB5E8BF8}.Release|Any CPU.ActiveCfg = Release|Any CPU
		{43BF500A-838C-48A5-B926-68FBCB5E8BF8}.Release|Any CPU.Build.0 = Release|Any CPU
	EndGlobalSection
	GlobalSection(SolutionProperties) = preSolution
		HideSolutionNode = FALSE
	EndGlobalSection
	GlobalSection(ExtensibilityGlobals) = postSolution
		SolutionGuid = {FD3E8B28-CD7A-4E95-B9EF-82105E0FBB04}
	EndGlobalSection
EndGlobal
